
Microsoft Visual Studio Solution File, Format Version 12.00
# Visual Studio Version 17
VisualStudioVersion = 17.10.34928.147
MinimumVisualStudioVersion = 10.0.40219.1
Project("{FAE04EC0-301F-11D3-BF4B-00C04F79EFBC}") = "uygulama 2", "uygulama 2\uygulama 2.csproj", "{49522467-AB32-4E81-A8BE-D3075D85A032}"
EndProject
Global
	GlobalSection(SolutionConfigurationPlatforms) = preSolution
		Debug|Any CPU = Debug|Any CPU
		Release|Any CPU = Release|Any CPU
	EndGlobalSection
	GlobalSection(ProjectConfigurationPlatforms) = postSolution
		{49522467-AB32-4E81-A8BE-D3075D85A032}.Debug|Any CPU.ActiveCfg = Debug|Any CPU
		{49522467-AB32-4E81-A8BE-D3075D85A032}.Debug|Any CPU.Build.0 = Debug|Any CPU
		{49522467-AB32-4E81-A8BE-D3075D85A032}.Release|Any CPU.ActiveCfg = Release|Any CPU
		{49522467-AB32-4E81-A8BE-D3075D85A032}.Release|Any CPU.Build.0 = Release|Any CPU
	EndGlobalSection
	GlobalSection(SolutionProperties) = preSolution
		HideSolutionNode = FALSE
	EndGlobalSection
	GlobalSection(ExtensibilityGlobals) = postSolution
		SolutionGuid = {EB935F87-27F0-495A-97AE-6E857FE87A7B}
	EndGlobalSection
EndGlobal
